// !$*UTF8*$!
{
	archiveVersion = 1;
	classes = {
	};
	objectVersion = 56;
	objects = {

/* Begin PBXBuildFile section */
		F402C9AD2C5F58E700E0E680 /* IconCell.xib in Resources */ = {isa = PBXBuildFile; fileRef = F402C9AC2C5F58E700E0E680 /* IconCell.xib */; };
		F402C9AE2C5F58E700E0E680 /* IconCell.swift in Sources */ = {isa = PBXBuildFile; fileRef = F402C9AB2C5F58E700E0E680 /* IconCell.swift */; };
		F402C9B02C5F9EBF00E0E680 /* UIImage+Ext.swift in Sources */ = {isa = PBXBuildFile; fileRef = F402C9AF2C5F9EBF00E0E680 /* UIImage+Ext.swift */; };
		F402C9B22C5FE55B00E0E680 /* ImageLoader.swift in Sources */ = {isa = PBXBuildFile; fileRef = F402C9B12C5FE55B00E0E680 /* ImageLoader.swift */; };
		F402C9B42C5FF7BE00E0E680 /* ImageCache.swift in Sources */ = {isa = PBXBuildFile; fileRef = F402C9B32C5FF7BE00E0E680 /* ImageCache.swift */; };
		F425A7E02C60AC0600385E55 /* NetworkCache.swift in Sources */ = {isa = PBXBuildFile; fileRef = F425A7DF2C60AC0600385E55 /* NetworkCache.swift */; };
		F434C11F2C6CC762000C9EB8 /* UIImageView+Ext.swift in Sources */ = {isa = PBXBuildFile; fileRef = F434C11E2C6CC762000C9EB8 /* UIImageView+Ext.swift */; };
		F4850B982C622F5F008BBCC3 /* UITextField+Ext.swift in Sources */ = {isa = PBXBuildFile; fileRef = F4850B972C622F5F008BBCC3 /* UITextField+Ext.swift */; };
		F491B50D2C5E2C5D008A7DD0 /* AppDelegate.swift in Sources */ = {isa = PBXBuildFile; fileRef = F491B50C2C5E2C5D008A7DD0 /* AppDelegate.swift */; };
		F491B50F2C5E2C5D008A7DD0 /* SceneDelegate.swift in Sources */ = {isa = PBXBuildFile; fileRef = F491B50E2C5E2C5D008A7DD0 /* SceneDelegate.swift */; };
		F491B5112C5E2C5D008A7DD0 /* MainViewController.swift in Sources */ = {isa = PBXBuildFile; fileRef = F491B5102C5E2C5D008A7DD0 /* MainViewController.swift */; };
		F491B5142C5E2C5D008A7DD0 /* Base in Resources */ = {isa = PBXBuildFile; fileRef = F491B5132C5E2C5D008A7DD0 /* Base */; };
		F491B5162C5E2C5E008A7DD0 /* Assets.xcassets in Resources */ = {isa = PBXBuildFile; fileRef = F491B5152C5E2C5E008A7DD0 /* Assets.xcassets */; };
		F491B5192C5E2C5E008A7DD0 /* Base in Resources */ = {isa = PBXBuildFile; fileRef = F491B5182C5E2C5E008A7DD0 /* Base */; };
		F491B5242C5E2C5F008A7DD0 /* icnfndTests.swift in Sources */ = {isa = PBXBuildFile; fileRef = F491B5232C5E2C5F008A7DD0 /* icnfndTests.swift */; };
		F491B52E2C5E2C5F008A7DD0 /* icnfndUITests.swift in Sources */ = {isa = PBXBuildFile; fileRef = F491B52D2C5E2C5F008A7DD0 /* icnfndUITests.swift */; };
		F491B5302C5E2C5F008A7DD0 /* icnfndUITestsLaunchTests.swift in Sources */ = {isa = PBXBuildFile; fileRef = F491B52F2C5E2C5F008A7DD0 /* icnfndUITestsLaunchTests.swift */; };
		F4950D4E2C5E44B00061223B /* Icon.swift in Sources */ = {isa = PBXBuildFile; fileRef = F4950D4D2C5E44B00061223B /* Icon.swift */; };
		F4950D502C5E56270061223B /* IconsResult.swift in Sources */ = {isa = PBXBuildFile; fileRef = F4950D4F2C5E56270061223B /* IconsResult.swift */; };
		F4950D522C5E5ACA0061223B /* Icons.swift in Sources */ = {isa = PBXBuildFile; fileRef = F4950D512C5E5ACA0061223B /* Icons.swift */; };
		F4950D542C5E75E00061223B /* NetworkService.swift in Sources */ = {isa = PBXBuildFile; fileRef = F4950D532C5E75E00061223B /* NetworkService.swift */; };
		F4950D562C5E8BE70061223B /* Dictionary+Ext.swift in Sources */ = {isa = PBXBuildFile; fileRef = F4950D552C5E8BE70061223B /* Dictionary+Ext.swift */; };
		F4950D582C5E8C100061223B /* CharacterSet+Ext.swift in Sources */ = {isa = PBXBuildFile; fileRef = F4950D572C5E8C100061223B /* CharacterSet+Ext.swift */; };
/* End PBXBuildFile section */

/* Begin PBXContainerItemProxy section */
		F491B5202C5E2C5F008A7DD0 /* PBXContainerItemProxy */ = {
			isa = PBXContainerItemProxy;
			containerPortal = F491B5012C5E2C5D008A7DD0 /* Project object */;
			proxyType = 1;
			remoteGlobalIDString = F491B5082C5E2C5D008A7DD0;
			remoteInfo = icnfnd;
		};
		F491B52A2C5E2C5F008A7DD0 /* PBXContainerItemProxy */ = {
			isa = PBXContainerItemProxy;
			containerPortal = F491B5012C5E2C5D008A7DD0 /* Project object */;
			proxyType = 1;
			remoteGlobalIDString = F491B5082C5E2C5D008A7DD0;
			remoteInfo = icnfnd;
		};
/* End PBXContainerItemProxy section */

/* Begin PBXFileReference section */
		F402C9AB2C5F58E700E0E680 /* IconCell.swift */ = {isa = PBXFileReference; lastKnownFileType = sourcecode.swift; path = IconCell.swift; sourceTree = "<group>"; };
		F402C9AC2C5F58E700E0E680 /* IconCell.xib */ = {isa = PBXFileReference; lastKnownFileType = file.xib; path = IconCell.xib; sourceTree = "<group>"; };
		F402C9AF2C5F9EBF00E0E680 /* UIImage+Ext.swift */ = {isa = PBXFileReference; lastKnownFileType = sourcecode.swift; path = "UIImage+Ext.swift"; sourceTree = "<group>"; };
		F402C9B12C5FE55B00E0E680 /* ImageLoader.swift */ = {isa = PBXFileReference; lastKnownFileType = sourcecode.swift; path = ImageLoader.swift; sourceTree = "<group>"; };
		F402C9B32C5FF7BE00E0E680 /* ImageCache.swift */ = {isa = PBXFileReference; lastKnownFileType = sourcecode.swift; path = ImageCache.swift; sourceTree = "<group>"; };
		F425A7DF2C60AC0600385E55 /* NetworkCache.swift */ = {isa = PBXFileReference; lastKnownFileType = sourcecode.swift; path = NetworkCache.swift; sourceTree = "<group>"; };
		F425A7E12C612F0B00385E55 /* icnfnd.xctestplan */ = {isa = PBXFileReference; lastKnownFileType = text; path = icnfnd.xctestplan; sourceTree = "<group>"; };
		F434C11E2C6CC762000C9EB8 /* UIImageView+Ext.swift */ = {isa = PBXFileReference; lastKnownFileType = sourcecode.swift; path = "UIImageView+Ext.swift"; sourceTree = "<group>"; };
		F4850B972C622F5F008BBCC3 /* UITextField+Ext.swift */ = {isa = PBXFileReference; lastKnownFileType = sourcecode.swift; path = "UITextField+Ext.swift"; sourceTree = "<group>"; };
		F491B5092C5E2C5D008A7DD0 /* icnfnd.app */ = {isa = PBXFileReference; explicitFileType = wrapper.application; includeInIndex = 0; path = icnfnd.app; sourceTree = BUILT_PRODUCTS_DIR; };
		F491B50C2C5E2C5D008A7DD0 /* AppDelegate.swift */ = {isa = PBXFileReference; lastKnownFileType = sourcecode.swift; path = AppDelegate.swift; sourceTree = "<group>"; };
		F491B50E2C5E2C5D008A7DD0 /* SceneDelegate.swift */ = {isa = PBXFileReference; lastKnownFileType = sourcecode.swift; path = SceneDelegate.swift; sourceTree = "<group>"; };
		F491B5102C5E2C5D008A7DD0 /* MainViewController.swift */ = {isa = PBXFileReference; lastKnownFileType = sourcecode.swift; path = MainViewController.swift; sourceTree = "<group>"; };
		F491B5132C5E2C5D008A7DD0 /* Base */ = {isa = PBXFileReference; lastKnownFileType = file.storyboard; name = Base; path = Base.lproj/Main.storyboard; sourceTree = "<group>"; };
		F491B5152C5E2C5E008A7DD0 /* Assets.xcassets */ = {isa = PBXFileReference; lastKnownFileType = folder.assetcatalog; path = Assets.xcassets; sourceTree = "<group>"; };
		F491B5182C5E2C5E008A7DD0 /* Base */ = {isa = PBXFileReference; lastKnownFileType = file.storyboard; name = Base; path = Base.lproj/LaunchScreen.storyboard; sourceTree = "<group>"; };
		F491B51A2C5E2C5E008A7DD0 /* Info.plist */ = {isa = PBXFileReference; lastKnownFileType = text.plist.xml; path = Info.plist; sourceTree = "<group>"; };
		F491B51F2C5E2C5F008A7DD0 /* icnfndTests.xctest */ = {isa = PBXFileReference; explicitFileType = wrapper.cfbundle; includeInIndex = 0; path = icnfndTests.xctest; sourceTree = BUILT_PRODUCTS_DIR; };
		F491B5232C5E2C5F008A7DD0 /* icnfndTests.swift */ = {isa = PBXFileReference; lastKnownFileType = sourcecode.swift; path = icnfndTests.swift; sourceTree = "<group>"; };
		F491B5292C5E2C5F008A7DD0 /* icnfndUITests.xctest */ = {isa = PBXFileReference; explicitFileType = wrapper.cfbundle; includeInIndex = 0; path = icnfndUITests.xctest; sourceTree = BUILT_PRODUCTS_DIR; };
		F491B52D2C5E2C5F008A7DD0 /* icnfndUITests.swift */ = {isa = PBXFileReference; lastKnownFileType = sourcecode.swift; path = icnfndUITests.swift; sourceTree = "<group>"; };
		F491B52F2C5E2C5F008A7DD0 /* icnfndUITestsLaunchTests.swift */ = {isa = PBXFileReference; lastKnownFileType = sourcecode.swift; path = icnfndUITestsLaunchTests.swift; sourceTree = "<group>"; };
		F4950D4D2C5E44B00061223B /* Icon.swift */ = {isa = PBXFileReference; lastKnownFileType = sourcecode.swift; path = Icon.swift; sourceTree = "<group>"; };
		F4950D4F2C5E56270061223B /* IconsResult.swift */ = {isa = PBXFileReference; lastKnownFileType = sourcecode.swift; path = IconsResult.swift; sourceTree = "<group>"; };
		F4950D512C5E5ACA0061223B /* Icons.swift */ = {isa = PBXFileReference; lastKnownFileType = sourcecode.swift; path = Icons.swift; sourceTree = "<group>"; };
		F4950D532C5E75E00061223B /* NetworkService.swift */ = {isa = PBXFileReference; lastKnownFileType = sourcecode.swift; path = NetworkService.swift; sourceTree = "<group>"; };
		F4950D552C5E8BE70061223B /* Dictionary+Ext.swift */ = {isa = PBXFileReference; lastKnownFileType = sourcecode.swift; path = "Dictionary+Ext.swift"; sourceTree = "<group>"; };
		F4950D572C5E8C100061223B /* CharacterSet+Ext.swift */ = {isa = PBXFileReference; lastKnownFileType = sourcecode.swift; path = "CharacterSet+Ext.swift"; sourceTree = "<group>"; };
/* End PBXFileReference section */

/* Begin PBXFrameworksBuildPhase section */
		F491B5062C5E2C5D008A7DD0 /* Frameworks */ = {
			isa = PBXFrameworksBuildPhase;
			buildActionMask = 2147483647;
			files = (
			);
			runOnlyForDeploymentPostprocessing = 0;
		};
		F491B51C2C5E2C5F008A7DD0 /* Frameworks */ = {
			isa = PBXFrameworksBuildPhase;
			buildActionMask = 2147483647;
			files = (
			);
			runOnlyForDeploymentPostprocessing = 0;
		};
		F491B5262C5E2C5F008A7DD0 /* Frameworks */ = {
			isa = PBXFrameworksBuildPhase;
			buildActionMask = 2147483647;
			files = (
			);
			runOnlyForDeploymentPostprocessing = 0;
		};
/* End PBXFrameworksBuildPhase section */

/* Begin PBXGroup section */
		F402C9B52C5FFE7B00E0E680 /* ImageLoader */ = {
			isa = PBXGroup;
			children = (
				F402C9B32C5FF7BE00E0E680 /* ImageCache.swift */,
				F402C9B12C5FE55B00E0E680 /* ImageLoader.swift */,
			);
			path = ImageLoader;
			sourceTree = "<group>";
		};
		F425A7E22C612F4100385E55 /* Test Plans */ = {
			isa = PBXGroup;
			children = (
				F425A7E12C612F0B00385E55 /* icnfnd.xctestplan */,
			);
			path = "Test Plans";
			sourceTree = "<group>";
		};
		F491B5002C5E2C5D008A7DD0 = {
			isa = PBXGroup;
			children = (
				F491B50B2C5E2C5D008A7DD0 /* icnfnd */,
				F425A7E22C612F4100385E55 /* Test Plans */,
				F491B5222C5E2C5F008A7DD0 /* icnfndTests */,
				F491B52C2C5E2C5F008A7DD0 /* icnfndUITests */,
				F491B50A2C5E2C5D008A7DD0 /* Products */,
			);
			sourceTree = "<group>";
		};
		F491B50A2C5E2C5D008A7DD0 /* Products */ = {
			isa = PBXGroup;
			children = (
				F491B5092C5E2C5D008A7DD0 /* icnfnd.app */,
				F491B51F2C5E2C5F008A7DD0 /* icnfndTests.xctest */,
				F491B5292C5E2C5F008A7DD0 /* icnfndUITests.xctest */,
			);
			name = Products;
			sourceTree = "<group>";
		};
		F491B50B2C5E2C5D008A7DD0 /* icnfnd */ = {
			isa = PBXGroup;
			children = (
				F491B51A2C5E2C5E008A7DD0 /* Info.plist */,
				F491B5152C5E2C5E008A7DD0 /* Assets.xcassets */,
				F491B53C2C5E2D85008A7DD0 /* App */,
				F4950D442C5E35260061223B /* Extensions */,
				F4950D452C5E357E0061223B /* Services */,
				F4950D462C5E359E0061223B /* Flow */,
			);
			path = icnfnd;
			sourceTree = "<group>";
		};
		F491B5222C5E2C5F008A7DD0 /* icnfndTests */ = {
			isa = PBXGroup;
			children = (
				F491B5232C5E2C5F008A7DD0 /* icnfndTests.swift */,
			);
			path = icnfndTests;
			sourceTree = "<group>";
		};
		F491B52C2C5E2C5F008A7DD0 /* icnfndUITests */ = {
			isa = PBXGroup;
			children = (
				F491B52D2C5E2C5F008A7DD0 /* icnfndUITests.swift */,
				F491B52F2C5E2C5F008A7DD0 /* icnfndUITestsLaunchTests.swift */,
			);
			path = icnfndUITests;
			sourceTree = "<group>";
		};
		F491B53C2C5E2D85008A7DD0 /* App */ = {
			isa = PBXGroup;
			children = (
				F491B50C2C5E2C5D008A7DD0 /* AppDelegate.swift */,
				F491B50E2C5E2C5D008A7DD0 /* SceneDelegate.swift */,
				F491B5172C5E2C5E008A7DD0 /* LaunchScreen.storyboard */,
			);
			path = App;
			sourceTree = "<group>";
		};
		F4950D442C5E35260061223B /* Extensions */ = {
			isa = PBXGroup;
			children = (
				F4950D552C5E8BE70061223B /* Dictionary+Ext.swift */,
				F4950D572C5E8C100061223B /* CharacterSet+Ext.swift */,
				F402C9AF2C5F9EBF00E0E680 /* UIImage+Ext.swift */,
				F4850B972C622F5F008BBCC3 /* UITextField+Ext.swift */,
				F434C11E2C6CC762000C9EB8 /* UIImageView+Ext.swift */,
			);
			path = Extensions;
			sourceTree = "<group>";
		};
		F4950D452C5E357E0061223B /* Services */ = {
			isa = PBXGroup;
			children = (
				F402C9B52C5FFE7B00E0E680 /* ImageLoader */,
				F4950D482C5E36000061223B /* Network */,
			);
			path = Services;
			sourceTree = "<group>";
		};
		F4950D462C5E359E0061223B /* Flow */ = {
			isa = PBXGroup;
			children = (
				F4950D472C5E35DD0061223B /* Main */,
			);
			path = Flow;
			sourceTree = "<group>";
		};
		F4950D472C5E35DD0061223B /* Main */ = {
			isa = PBXGroup;
			children = (
				F4950D4A2C5E39D40061223B /* Models */,
				F4950D4B2C5E39EA0061223B /* View */,
				F4950D4C2C5E39F40061223B /* Controller */,
			);
			path = Main;
			sourceTree = "<group>";
		};
		F4950D482C5E36000061223B /* Network */ = {
			isa = PBXGroup;
			children = (
				F4950D492C5E39C10061223B /* Models */,
				F425A7DF2C60AC0600385E55 /* NetworkCache.swift */,
				F4950D532C5E75E00061223B /* NetworkService.swift */,
			);
			path = Network;
			sourceTree = "<group>";
		};
		F4950D492C5E39C10061223B /* Models */ = {
			isa = PBXGroup;
			children = (
				F4950D4F2C5E56270061223B /* IconsResult.swift */,
			);
			path = Models;
			sourceTree = "<group>";
		};
		F4950D4A2C5E39D40061223B /* Models */ = {
			isa = PBXGroup;
			children = (
				F4950D4D2C5E44B00061223B /* Icon.swift */,
				F4950D512C5E5ACA0061223B /* Icons.swift */,
			);
			path = Models;
			sourceTree = "<group>";
		};
		F4950D4B2C5E39EA0061223B /* View */ = {
			isa = PBXGroup;
			children = (
				F4950D592C5E8CA20061223B /* Cells */,
				F491B5122C5E2C5D008A7DD0 /* Main.storyboard */,
			);
			path = View;
			sourceTree = "<group>";
		};
		F4950D4C2C5E39F40061223B /* Controller */ = {
			isa = PBXGroup;
			children = (
				F491B5102C5E2C5D008A7DD0 /* MainViewController.swift */,
			);
			path = Controller;
			sourceTree = "<group>";
		};
		F4950D592C5E8CA20061223B /* Cells */ = {
			isa = PBXGroup;
			children = (
				F402C9AB2C5F58E700E0E680 /* IconCell.swift */,
				F402C9AC2C5F58E700E0E680 /* IconCell.xib */,
			);
			path = Cells;
			sourceTree = "<group>";
		};
/* End PBXGroup section */

/* Begin PBXNativeTarget section */
		F491B5082C5E2C5D008A7DD0 /* icnfnd */ = {
			isa = PBXNativeTarget;
			buildConfigurationList = F491B5332C5E2C5F008A7DD0 /* Build configuration list for PBXNativeTarget "icnfnd" */;
			buildPhases = (
				F491B5052C5E2C5D008A7DD0 /* Sources */,
				F491B5062C5E2C5D008A7DD0 /* Frameworks */,
				F491B5072C5E2C5D008A7DD0 /* Resources */,
			);
			buildRules = (
			);
			dependencies = (
			);
			name = icnfnd;
			productName = icnfnd;
			productReference = F491B5092C5E2C5D008A7DD0 /* icnfnd.app */;
			productType = "com.apple.product-type.application";
		};
		F491B51E2C5E2C5F008A7DD0 /* icnfndTests */ = {
			isa = PBXNativeTarget;
			buildConfigurationList = F491B5362C5E2C5F008A7DD0 /* Build configuration list for PBXNativeTarget "icnfndTests" */;
			buildPhases = (
				F491B51B2C5E2C5F008A7DD0 /* Sources */,
				F491B51C2C5E2C5F008A7DD0 /* Frameworks */,
				F491B51D2C5E2C5F008A7DD0 /* Resources */,
			);
			buildRules = (
			);
			dependencies = (
				F491B5212C5E2C5F008A7DD0 /* PBXTargetDependency */,
			);
			name = icnfndTests;
			productName = icnfndTests;
			productReference = F491B51F2C5E2C5F008A7DD0 /* icnfndTests.xctest */;
			productType = "com.apple.product-type.bundle.unit-test";
		};
		F491B5282C5E2C5F008A7DD0 /* icnfndUITests */ = {
			isa = PBXNativeTarget;
			buildConfigurationList = F491B5392C5E2C5F008A7DD0 /* Build configuration list for PBXNativeTarget "icnfndUITests" */;
			buildPhases = (
				F491B5252C5E2C5F008A7DD0 /* Sources */,
				F491B5262C5E2C5F008A7DD0 /* Frameworks */,
				F491B5272C5E2C5F008A7DD0 /* Resources */,
			);
			buildRules = (
			);
			dependencies = (
				F491B52B2C5E2C5F008A7DD0 /* PBXTargetDependency */,
			);
			name = icnfndUITests;
			productName = icnfndUITests;
			productReference = F491B5292C5E2C5F008A7DD0 /* icnfndUITests.xctest */;
			productType = "com.apple.product-type.bundle.ui-testing";
		};
/* End PBXNativeTarget section */

/* Begin PBXProject section */
		F491B5012C5E2C5D008A7DD0 /* Project object */ = {
			isa = PBXProject;
			attributes = {
				BuildIndependentTargetsInParallel = 1;
				LastSwiftUpdateCheck = 1540;
				LastUpgradeCheck = 1540;
				TargetAttributes = {
					F491B5082C5E2C5D008A7DD0 = {
						CreatedOnToolsVersion = 15.4;
					};
					F491B51E2C5E2C5F008A7DD0 = {
						CreatedOnToolsVersion = 15.4;
						TestTargetID = F491B5082C5E2C5D008A7DD0;
					};
					F491B5282C5E2C5F008A7DD0 = {
						CreatedOnToolsVersion = 15.4;
						TestTargetID = F491B5082C5E2C5D008A7DD0;
					};
				};
			};
			buildConfigurationList = F491B5042C5E2C5D008A7DD0 /* Build configuration list for PBXProject "icnfnd" */;
			compatibilityVersion = "Xcode 14.0";
			developmentRegion = en;
			hasScannedForEncodings = 0;
			knownRegions = (
				en,
				Base,
			);
			mainGroup = F491B5002C5E2C5D008A7DD0;
			productRefGroup = F491B50A2C5E2C5D008A7DD0 /* Products */;
			projectDirPath = "";
			projectRoot = "";
			targets = (
				F491B5082C5E2C5D008A7DD0 /* icnfnd */,
				F491B51E2C5E2C5F008A7DD0 /* icnfndTests */,
				F491B5282C5E2C5F008A7DD0 /* icnfndUITests */,
			);
		};
/* End PBXProject section */

/* Begin PBXResourcesBuildPhase section */
		F491B5072C5E2C5D008A7DD0 /* Resources */ = {
			isa = PBXResourcesBuildPhase;
			buildActionMask = 2147483647;
			files = (
				F491B5162C5E2C5E008A7DD0 /* Assets.xcassets in Resources */,
				F491B5192C5E2C5E008A7DD0 /* Base in Resources */,
				F402C9AD2C5F58E700E0E680 /* IconCell.xib in Resources */,
				F491B5142C5E2C5D008A7DD0 /* Base in Resources */,
			);
			runOnlyForDeploymentPostprocessing = 0;
		};
		F491B51D2C5E2C5F008A7DD0 /* Resources */ = {
			isa = PBXResourcesBuildPhase;
			buildActionMask = 2147483647;
			files = (
			);
			runOnlyForDeploymentPostprocessing = 0;
		};
		F491B5272C5E2C5F008A7DD0 /* Resources */ = {
			isa = PBXResourcesBuildPhase;
			buildActionMask = 2147483647;
			files = (
			);
			runOnlyForDeploymentPostprocessing = 0;
		};
/* End PBXResourcesBuildPhase section */

/* Begin PBXSourcesBuildPhase section */
		F491B5052C5E2C5D008A7DD0 /* Sources */ = {
			isa = PBXSourcesBuildPhase;
			buildActionMask = 2147483647;
			files = (
				F491B5112C5E2C5D008A7DD0 /* MainViewController.swift in Sources */,
				F4850B982C622F5F008BBCC3 /* UITextField+Ext.swift in Sources */,
				F402C9B42C5FF7BE00E0E680 /* ImageCache.swift in Sources */,
				F4950D562C5E8BE70061223B /* Dictionary+Ext.swift in Sources */,
				F402C9B22C5FE55B00E0E680 /* ImageLoader.swift in Sources */,
				F491B50D2C5E2C5D008A7DD0 /* AppDelegate.swift in Sources */,
				F4950D582C5E8C100061223B /* CharacterSet+Ext.swift in Sources */,
				F4950D522C5E5ACA0061223B /* Icons.swift in Sources */,
				F434C11F2C6CC762000C9EB8 /* UIImageView+Ext.swift in Sources */,
				F425A7E02C60AC0600385E55 /* NetworkCache.swift in Sources */,
				F402C9B02C5F9EBF00E0E680 /* UIImage+Ext.swift in Sources */,
				F4950D4E2C5E44B00061223B /* Icon.swift in Sources */,
				F402C9AE2C5F58E700E0E680 /* IconCell.swift in Sources */,
				F4950D502C5E56270061223B /* IconsResult.swift in Sources */,
				F491B50F2C5E2C5D008A7DD0 /* SceneDelegate.swift in Sources */,
				F4950D542C5E75E00061223B /* NetworkService.swift in Sources */,
			);
			runOnlyForDeploymentPostprocessing = 0;
		};
		F491B51B2C5E2C5F008A7DD0 /* Sources */ = {
			isa = PBXSourcesBuildPhase;
			buildActionMask = 2147483647;
			files = (
				F491B5242C5E2C5F008A7DD0 /* icnfndTests.swift in Sources */,
			);
			runOnlyForDeploymentPostprocessing = 0;
		};
		F491B5252C5E2C5F008A7DD0 /* Sources */ = {
			isa = PBXSourcesBuildPhase;
			buildActionMask = 2147483647;
			files = (
				F491B5302C5E2C5F008A7DD0 /* icnfndUITestsLaunchTests.swift in Sources */,
				F491B52E2C5E2C5F008A7DD0 /* icnfndUITests.swift in Sources */,
			);
			runOnlyForDeploymentPostprocessing = 0;
		};
/* End PBXSourcesBuildPhase section */

/* Begin PBXTargetDependency section */
		F491B5212C5E2C5F008A7DD0 /* PBXTargetDependency */ = {
			isa = PBXTargetDependency;
			target = F491B5082C5E2C5D008A7DD0 /* icnfnd */;
			targetProxy = F491B5202C5E2C5F008A7DD0 /* PBXContainerItemProxy */;
		};
		F491B52B2C5E2C5F008A7DD0 /* PBXTargetDependency */ = {
			isa = PBXTargetDependency;
			target = F491B5082C5E2C5D008A7DD0 /* icnfnd */;
			targetProxy = F491B52A2C5E2C5F008A7DD0 /* PBXContainerItemProxy */;
		};
/* End PBXTargetDependency section */

/* Begin PBXVariantGroup section */
		F491B5122C5E2C5D008A7DD0 /* Main.storyboard */ = {
			isa = PBXVariantGroup;
			children = (
				F491B5132C5E2C5D008A7DD0 /* Base */,
			);
			name = Main.storyboard;
			sourceTree = "<group>";
		};
		F491B5172C5E2C5E008A7DD0 /* LaunchScreen.storyboard */ = {
			isa = PBXVariantGroup;
			children = (
				F491B5182C5E2C5E008A7DD0 /* Base */,
			);
			name = LaunchScreen.storyboard;
			sourceTree = "<group>";
		};
/* End PBXVariantGroup section */

/* Begin XCBuildConfiguration section */
		F491B5312C5E2C5F008A7DD0 /* Debug */ = {
			isa = XCBuildConfiguration;
			buildSettings = {
				ALWAYS_SEARCH_USER_PATHS = NO;
				ASSETCATALOG_COMPILER_GENERATE_SWIFT_ASSET_SYMBOL_EXTENSIONS = YES;
				CLANG_ANALYZER_NONNULL = YES;
				CLANG_ANALYZER_NUMBER_OBJECT_CONVERSION = YES_AGGRESSIVE;
				CLANG_CXX_LANGUAGE_STANDARD = "gnu++20";
				CLANG_ENABLE_MODULES = YES;
				CLANG_ENABLE_OBJC_ARC = YES;
				CLANG_ENABLE_OBJC_WEAK = YES;
				CLANG_WARN_BLOCK_CAPTURE_AUTORELEASING = YES;
				CLANG_WARN_BOOL_CONVERSION = YES;
				CLANG_WARN_COMMA = YES;
				CLANG_WARN_CONSTANT_CONVERSION = YES;
				CLANG_WARN_DEPRECATED_OBJC_IMPLEMENTATIONS = YES;
				CLANG_WARN_DIRECT_OBJC_ISA_USAGE = YES_ERROR;
				CLANG_WARN_DOCUMENTATION_COMMENTS = YES;
				CLANG_WARN_EMPTY_BODY = YES;
				CLANG_WARN_ENUM_CONVERSION = YES;
				CLANG_WARN_INFINITE_RECURSION = YES;
				CLANG_WARN_INT_CONVERSION = YES;
				CLANG_WARN_NON_LITERAL_NULL_CONVERSION = YES;
				CLANG_WARN_OBJC_IMPLICIT_RETAIN_SELF = YES;
				CLANG_WARN_OBJC_LITERAL_CONVERSION = YES;
				CLANG_WARN_OBJC_ROOT_CLASS = YES_ERROR;
				CLANG_WARN_QUOTED_INCLUDE_IN_FRAMEWORK_HEADER = YES;
				CLANG_WARN_RANGE_LOOP_ANALYSIS = YES;
				CLANG_WARN_STRICT_PROTOTYPES = YES;
				CLANG_WARN_SUSPICIOUS_MOVE = YES;
				CLANG_WARN_UNGUARDED_AVAILABILITY = YES_AGGRESSIVE;
				CLANG_WARN_UNREACHABLE_CODE = YES;
				CLANG_WARN__DUPLICATE_METHOD_MATCH = YES;
				COPY_PHASE_STRIP = NO;
				DEBUG_INFORMATION_FORMAT = dwarf;
				ENABLE_STRICT_OBJC_MSGSEND = YES;
				ENABLE_TESTABILITY = YES;
				ENABLE_USER_SCRIPT_SANDBOXING = YES;
				GCC_C_LANGUAGE_STANDARD = gnu17;
				GCC_DYNAMIC_NO_PIC = NO;
				GCC_NO_COMMON_BLOCKS = YES;
				GCC_OPTIMIZATION_LEVEL = 0;
				GCC_PREPROCESSOR_DEFINITIONS = (
					"DEBUG=1",
					"$(inherited)",
				);
				GCC_WARN_64_TO_32_BIT_CONVERSION = YES;
				GCC_WARN_ABOUT_RETURN_TYPE = YES_ERROR;
				GCC_WARN_UNDECLARED_SELECTOR = YES;
				GCC_WARN_UNINITIALIZED_AUTOS = YES_AGGRESSIVE;
				GCC_WARN_UNUSED_FUNCTION = YES;
				GCC_WARN_UNUSED_VARIABLE = YES;
				IPHONEOS_DEPLOYMENT_TARGET = 14.0;
				LOCALIZATION_PREFERS_STRING_CATALOGS = YES;
				MTL_ENABLE_DEBUG_INFO = INCLUDE_SOURCE;
				MTL_FAST_MATH = YES;
				ONLY_ACTIVE_ARCH = YES;
				SDKROOT = iphoneos;
				SWIFT_ACTIVE_COMPILATION_CONDITIONS = "DEBUG $(inherited)";
				SWIFT_OPTIMIZATION_LEVEL = "-Onone";
			};
			name = Debug;
		};
		F491B5322C5E2C5F008A7DD0 /* Release */ = {
			isa = XCBuildConfiguration;
			buildSettings = {
				ALWAYS_SEARCH_USER_PATHS = NO;
				ASSETCATALOG_COMPILER_GENERATE_SWIFT_ASSET_SYMBOL_EXTENSIONS = YES;
				CLANG_ANALYZER_NONNULL = YES;
				CLANG_ANALYZER_NUMBER_OBJECT_CONVERSION = YES_AGGRESSIVE;
				CLANG_CXX_LANGUAGE_STANDARD = "gnu++20";
				CLANG_ENABLE_MODULES = YES;
				CLANG_ENABLE_OBJC_ARC = YES;
				CLANG_ENABLE_OBJC_WEAK = YES;
				CLANG_WARN_BLOCK_CAPTURE_AUTORELEASING = YES;
				CLANG_WARN_BOOL_CONVERSION = YES;
				CLANG_WARN_COMMA = YES;
				CLANG_WARN_CONSTANT_CONVERSION = YES;
				CLANG_WARN_DEPRECATED_OBJC_IMPLEMENTATIONS = YES;
				CLANG_WARN_DIRECT_OBJC_ISA_USAGE = YES_ERROR;
				CLANG_WARN_DOCUMENTATION_COMMENTS = YES;
				CLANG_WARN_EMPTY_BODY = YES;
				CLANG_WARN_ENUM_CONVERSION = YES;
				CLANG_WARN_INFINITE_RECURSION = YES;
				CLANG_WARN_INT_CONVERSION = YES;
				CLANG_WARN_NON_LITERAL_NULL_CONVERSION = YES;
				CLANG_WARN_OBJC_IMPLICIT_RETAIN_SELF = YES;
				CLANG_WARN_OBJC_LITERAL_CONVERSION = YES;
				CLANG_WARN_OBJC_ROOT_CLASS = YES_ERROR;
				CLANG_WARN_QUOTED_INCLUDE_IN_FRAMEWORK_HEADER = YES;
				CLANG_WARN_RANGE_LOOP_ANALYSIS = YES;
				CLANG_WARN_STRICT_PROTOTYPES = YES;
				CLANG_WARN_SUSPICIOUS_MOVE = YES;
				CLANG_WARN_UNGUARDED_AVAILABILITY = YES_AGGRESSIVE;
				CLANG_WARN_UNREACHABLE_CODE = YES;
				CLANG_WARN__DUPLICATE_METHOD_MATCH = YES;
				COPY_PHASE_STRIP = NO;
				DEBUG_INFORMATION_FORMAT = "dwarf-with-dsym";
				ENABLE_NS_ASSERTIONS = NO;
				ENABLE_STRICT_OBJC_MSGSEND = YES;
				ENABLE_USER_SCRIPT_SANDBOXING = YES;
				GCC_C_LANGUAGE_STANDARD = gnu17;
				GCC_NO_COMMON_BLOCKS = YES;
				GCC_WARN_64_TO_32_BIT_CONVERSION = YES;
				GCC_WARN_ABOUT_RETURN_TYPE = YES_ERROR;
				GCC_WARN_UNDECLARED_SELECTOR = YES;
				GCC_WARN_UNINITIALIZED_AUTOS = YES_AGGRESSIVE;
				GCC_WARN_UNUSED_FUNCTION = YES;
				GCC_WARN_UNUSED_VARIABLE = YES;
				IPHONEOS_DEPLOYMENT_TARGET = 14.0;
				LOCALIZATION_PREFERS_STRING_CATALOGS = YES;
				MTL_ENABLE_DEBUG_INFO = NO;
				MTL_FAST_MATH = YES;
				SDKROOT = iphoneos;
				SWIFT_COMPILATION_MODE = wholemodule;
				VALIDATE_PRODUCT = YES;
			};
			name = Release;
		};
		F491B5342C5E2C5F008A7DD0 /* Debug */ = {
			isa = XCBuildConfiguration;
			buildSettings = {
				ASSETCATALOG_COMPILER_APPICON_NAME = AppIcon;
				ASSETCATALOG_COMPILER_GLOBAL_ACCENT_COLOR_NAME = AccentColor;
				CODE_SIGN_STYLE = Automatic;
				CURRENT_PROJECT_VERSION = 1;
				DEVELOPMENT_TEAM = YKX9VWS6ZS;
				GENERATE_INFOPLIST_FILE = YES;
				INFOPLIST_FILE = icnfnd/Info.plist;
				INFOPLIST_KEY_UIApplicationSupportsIndirectInputEvents = YES;
				INFOPLIST_KEY_UILaunchStoryboardName = LaunchScreen;
				INFOPLIST_KEY_UIMainStoryboardFile = Main;
				INFOPLIST_KEY_UISupportedInterfaceOrientations = UIInterfaceOrientationPortrait;
				INFOPLIST_KEY_UISupportedInterfaceOrientations_iPad = "UIInterfaceOrientationLandscapeLeft UIInterfaceOrientationLandscapeRight UIInterfaceOrientationPortrait UIInterfaceOrientationPortraitUpsideDown";
				IPHONEOS_DEPLOYMENT_TARGET = 14.0;
				LD_RUNPATH_SEARCH_PATHS = (
					"$(inherited)",
					"@executable_path/Frameworks",
				);
				MARKETING_VERSION = 1.0;
				PRODUCT_BUNDLE_IDENTIFIER = com.grigorystolyarov.icnfnd;
				PRODUCT_NAME = "$(TARGET_NAME)";
				SUPPORTED_PLATFORMS = "iphoneos iphonesimulator";
				SUPPORTS_MACCATALYST = NO;
				SUPPORTS_MAC_DESIGNED_FOR_IPHONE_IPAD = NO;
				SUPPORTS_XR_DESIGNED_FOR_IPHONE_IPAD = NO;
				SWIFT_EMIT_LOC_STRINGS = YES;
				SWIFT_VERSION = 5.0;
				TARGETED_DEVICE_FAMILY = 1;
			};
			name = Debug;
		};
		F491B5352C5E2C5F008A7DD0 /* Release */ = {
			isa = XCBuildConfiguration;
			buildSettings = {
				ASSETCATALOG_COMPILER_APPICON_NAME = AppIcon;
				ASSETCATALOG_COMPILER_GLOBAL_ACCENT_COLOR_NAME = AccentColor;
				CODE_SIGN_STYLE = Automatic;
				CURRENT_PROJECT_VERSION = 1;
				DEVELOPMENT_TEAM = YKX9VWS6ZS;
				GENERATE_INFOPLIST_FILE = YES;
				INFOPLIST_FILE = icnfnd/Info.plist;
				INFOPLIST_KEY_UIApplicationSupportsIndirectInputEvents = YES;
				INFOPLIST_KEY_UILaunchStoryboardName = LaunchScreen;
				INFOPLIST_KEY_UIMainStoryboardFile = Main;
				INFOPLIST_KEY_UISupportedInterfaceOrientations = UIInterfaceOrientationPortrait;
				INFOPLIST_KEY_UISupportedInterfaceOrientations_iPad = "UIInterfaceOrientationLandscapeLeft UIInterfaceOrientationLandscapeRight UIInterfaceOrientationPortrait UIInterfaceOrientationPortraitUpsideDown";
				IPHONEOS_DEPLOYMENT_TARGET = 14.0;
				LD_RUNPATH_SEARCH_PATHS = (
					"$(inherited)",
					"@executable_path/Frameworks",
				);
				MARKETING_VERSION = 1.0;
				PRODUCT_BUNDLE_IDENTIFIER = com.grigorystolyarov.icnfnd;
				PRODUCT_NAME = "$(TARGET_NAME)";
				SUPPORTED_PLATFORMS = "iphoneos iphonesimulator";
				SUPPORTS_MACCATALYST = NO;
				SUPPORTS_MAC_DESIGNED_FOR_IPHONE_IPAD = NO;
				SUPPORTS_XR_DESIGNED_FOR_IPHONE_IPAD = NO;
				SWIFT_EMIT_LOC_STRINGS = YES;
				SWIFT_VERSION = 5.0;
				TARGETED_DEVICE_FAMILY = 1;
			};
			name = Release;
		};
		F491B5372C5E2C5F008A7DD0 /* Debug */ = {
			isa = XCBuildConfiguration;
			buildSettings = {
				ALWAYS_EMBED_SWIFT_STANDARD_LIBRARIES = YES;
				BUNDLE_LOADER = "$(TEST_HOST)";
				CODE_SIGN_STYLE = Automatic;
				CURRENT_PROJECT_VERSION = 1;
				DEVELOPMENT_TEAM = YKX9VWS6ZS;
				GENERATE_INFOPLIST_FILE = YES;
				IPHONEOS_DEPLOYMENT_TARGET = 14.0;
				MARKETING_VERSION = 1.0;
				PRODUCT_BUNDLE_IDENTIFIER = com.grigorystolyarov.icnfndTests;
				PRODUCT_NAME = "$(TARGET_NAME)";
				SUPPORTED_PLATFORMS = "iphoneos iphonesimulator";
				SUPPORTS_MACCATALYST = NO;
				SUPPORTS_MAC_DESIGNED_FOR_IPHONE_IPAD = NO;
				SUPPORTS_XR_DESIGNED_FOR_IPHONE_IPAD = NO;
				SWIFT_EMIT_LOC_STRINGS = NO;
				SWIFT_VERSION = 5.0;
				TARGETED_DEVICE_FAMILY = 1;
				TEST_HOST = "$(BUILT_PRODUCTS_DIR)/icnfnd.app/$(BUNDLE_EXECUTABLE_FOLDER_PATH)/icnfnd";
			};
			name = Debug;
		};
		F491B5382C5E2C5F008A7DD0 /* Release */ = {
			isa = XCBuildConfiguration;
			buildSettings = {
				ALWAYS_EMBED_SWIFT_STANDARD_LIBRARIES = YES;
				BUNDLE_LOADER = "$(TEST_HOST)";
				CODE_SIGN_STYLE = Automatic;
				CURRENT_PROJECT_VERSION = 1;
				DEVELOPMENT_TEAM = YKX9VWS6ZS;
				GENERATE_INFOPLIST_FILE = YES;
				IPHONEOS_DEPLOYMENT_TARGET = 14.0;
				MARKETING_VERSION = 1.0;
				PRODUCT_BUNDLE_IDENTIFIER = com.grigorystolyarov.icnfndTests;
				PRODUCT_NAME = "$(TARGET_NAME)";
				SUPPORTED_PLATFORMS = "iphoneos iphonesimulator";
				SUPPORTS_MACCATALYST = NO;
				SUPPORTS_MAC_DESIGNED_FOR_IPHONE_IPAD = NO;
				SUPPORTS_XR_DESIGNED_FOR_IPHONE_IPAD = NO;
				SWIFT_EMIT_LOC_STRINGS = NO;
				SWIFT_VERSION = 5.0;
				TARGETED_DEVICE_FAMILY = 1;
				TEST_HOST = "$(BUILT_PRODUCTS_DIR)/icnfnd.app/$(BUNDLE_EXECUTABLE_FOLDER_PATH)/icnfnd";
			};
			name = Release;
		};
		F491B53A2C5E2C5F008A7DD0 /* Debug */ = {
			isa = XCBuildConfiguration;
			buildSettings = {
				ALWAYS_EMBED_SWIFT_STANDARD_LIBRARIES = YES;
				CODE_SIGN_STYLE = Automatic;
				CURRENT_PROJECT_VERSION = 1;
				DEVELOPMENT_TEAM = YKX9VWS6ZS;
				GENERATE_INFOPLIST_FILE = YES;
				MARKETING_VERSION = 1.0;
				PRODUCT_BUNDLE_IDENTIFIER = com.grigorystolyarov.icnfndUITests;
				PRODUCT_NAME = "$(TARGET_NAME)";
				SUPPORTED_PLATFORMS = "iphoneos iphonesimulator";
				SUPPORTS_MACCATALYST = NO;
				SUPPORTS_MAC_DESIGNED_FOR_IPHONE_IPAD = NO;
				SUPPORTS_XR_DESIGNED_FOR_IPHONE_IPAD = NO;
				SWIFT_EMIT_LOC_STRINGS = NO;
				SWIFT_VERSION = 5.0;
				TARGETED_DEVICE_FAMILY = 1;
				TEST_TARGET_NAME = icnfnd;
			};
			name = Debug;
		};
		F491B53B2C5E2C5F008A7DD0 /* Release */ = {
			isa = XCBuildConfiguration;
			buildSettings = {
				ALWAYS_EMBED_SWIFT_STANDARD_LIBRARIES = YES;
				CODE_SIGN_STYLE = Automatic;
				CURRENT_PROJECT_VERSION = 1;
				DEVELOPMENT_TEAM = YKX9VWS6ZS;
				GENERATE_INFOPLIST_FILE = YES;
				MARKETING_VERSION = 1.0;
				PRODUCT_BUNDLE_IDENTIFIER = com.grigorystolyarov.icnfndUITests;
				PRODUCT_NAME = "$(TARGET_NAME)";
				SUPPORTED_PLATFORMS = "iphoneos iphonesimulator";
				SUPPORTS_MACCATALYST = NO;
				SUPPORTS_MAC_DESIGNED_FOR_IPHONE_IPAD = NO;
				SUPPORTS_XR_DESIGNED_FOR_IPHONE_IPAD = NO;
				SWIFT_EMIT_LOC_STRINGS = NO;
				SWIFT_VERSION = 5.0;
				TARGETED_DEVICE_FAMILY = 1;
				TEST_TARGET_NAME = icnfnd;
			};
			name = Release;
		};
/* End XCBuildConfiguration section */

/* Begin XCConfigurationList section */
		F491B5042C5E2C5D008A7DD0 /* Build configuration list for PBXProject "icnfnd" */ = {
			isa = XCConfigurationList;
			buildConfigurations = (
				F491B5312C5E2C5F008A7DD0 /* Debug */,
				F491B5322C5E2C5F008A7DD0 /* Release */,
			);
			defaultConfigurationIsVisible = 0;
			defaultConfigurationName = Release;
		};
		F491B5332C5E2C5F008A7DD0 /* Build configuration list for PBXNativeTarget "icnfnd" */ = {
			isa = XCConfigurationList;
			buildConfigurations = (
				F491B5342C5E2C5F008A7DD0 /* Debug */,
				F491B5352C5E2C5F008A7DD0 /* Release */,
			);
			defaultConfigurationIsVisible = 0;
			defaultConfigurationName = Release;
		};
		F491B5362C5E2C5F008A7DD0 /* Build configuration list for PBXNativeTarget "icnfndTests" */ = {
			isa = XCConfigurationList;
			buildConfigurations = (
				F491B5372C5E2C5F008A7DD0 /* Debug */,
				F491B5382C5E2C5F008A7DD0 /* Release */,
			);
			defaultConfigurationIsVisible = 0;
			defaultConfigurationName = Release;
		};
		F491B5392C5E2C5F008A7DD0 /* Build configuration list for PBXNativeTarget "icnfndUITests" */ = {
			isa = XCConfigurationList;
			buildConfigurations = (
				F491B53A2C5E2C5F008A7DD0 /* Debug */,
				F491B53B2C5E2C5F008A7DD0 /* Release */,
			);
			defaultConfigurationIsVisible = 0;
			defaultConfigurationName = Release;
		};
/* End XCConfigurationList section */
	};
	rootObject = F491B5012C5E2C5D008A7DD0 /* Project object */;
}
